
Microsoft Visual Studio Solution File, Format Version 12.00
Project("{2150E333-8FDC-42A3-9474-1A3956D46DE8}") = "UnifiedPortal", "UnifiedPortal", "{00469BAE-AAE8-42F2-86A8-B6FDC6FA6A2C}"
EndProject
Project("{FAE04EC0-301F-11D3-BF4B-00C04F79EFBC}") = "Database", "UnifiedPortal\Database\Database.csproj", "{943C13D0-2C16-4A55-BE1F-04370452885D}"
EndProject
Project("{FAE04EC0-301F-11D3-BF4B-00C04F79EFBC}") = "Server", "UnifiedPortal\Server\Server.csproj", "{6C98841A-41C8-49B5-95C0-0E1626EB7528}"
EndProject
Project("{2150E333-8FDC-42A3-9474-1A3956D46DE8}") = "SRS", "SRS", "{1C83008B-08D9-4EE2-942C-AE6242C40195}"
EndProject
Project("{FAE04EC0-301F-11D3-BF4B-00C04F79EFBC}") = "Syrinx", "SRS\Syrinx\Syrinx.csproj", "{4894EF11-C5C0-44D8-8FCF-F5E8E7E5DDB5}"
EndProject
Project("{FAE04EC0-301F-11D3-BF4B-00C04F79EFBC}") = "Camunda", "SRS\Camunda\Camunda.csproj", "{66A3850F-1FD7-4143-B8CD-EB4DEF72E3F9}"
EndProject
Project("{FAE04EC0-301F-11D3-BF4B-00C04F79EFBC}") = "Authentication", "SRS\Authentication\Authentication.csproj", "{19FCFE72-48EE-409D-8560-83B84698AF82}"
EndProject
Project("{2150E333-8FDC-42A3-9474-1A3956D46DE8}") = "Common", "Common", "{D28913B3-FD22-4508-8102-C117D987B1D7}"
EndProject
Project("{FAE04EC0-301F-11D3-BF4B-00C04F79EFBC}") = "Core", "Common\Core\Core.csproj", "{95ED3D39-71D3-43A5-AE61-4B3A56DFFD5E}"
EndProject
Project("{FAE04EC0-301F-11D3-BF4B-00C04F79EFBC}") = "Services", "Common\Services\Services.csproj", "{EAEA34F1-A98C-4174-8406-986D056F5B43}"
EndProject
Project("{2150E333-8FDC-42A3-9474-1A3956D46DE8}") = "Clients", "Clients", "{86377175-FA5F-438B-96C6-2B31F832B795}"
EndProject
Project("{FAE04EC0-301F-11D3-BF4B-00C04F79EFBC}") = "Camunda", "Common\Clients\Camunda\Camunda.csproj", "{469292BE-E711-4ECC-AB90-78F57A864B61}"
EndProject
Project("{FAE04EC0-301F-11D3-BF4B-00C04F79EFBC}") = "GitHub", "Common\Clients\GitHub\GitHub.csproj", "{A1A42FC0-EEA8-41E4-BC6B-FD48957BB256}"
EndProject
Project("{FAE04EC0-301F-11D3-BF4B-00C04F79EFBC}") = "Syrinx", "Common\Clients\Syrinx\Syrinx.csproj", "{B0795A7C-2462-4DEF-AC9B-BE30D297B286}"
EndProject
Project("{2150E333-8FDC-42A3-9474-1A3956D46DE8}") = "Storage", "Storage", "{F8347E0E-1BE6-4809-B7CC-183ECB259D03}"
EndProject
Project("{FAE04EC0-301F-11D3-BF4B-00C04F79EFBC}") = "DataStorage", "Common\Storage\DataStorage\DataStorage.csproj", "{C7519A2A-0534-47F9-9A3B-32ADFEC243DD}"
EndProject
Project("{FAE04EC0-301F-11D3-BF4B-00C04F79EFBC}") = "LogStorage", "Common\Storage\LogStorage\LogStorage.csproj", "{A767B6BC-F4B4-49B3-B001-9C0443CE0C1F}"
EndProject
Project("{2150E333-8FDC-42A3-9474-1A3956D46DE8}") = "Modules", "Modules", "{8E5FBEB3-1526-45A6-80FC-BF129A4328F1}"
EndProject
Project("{2150E333-8FDC-42A3-9474-1A3956D46DE8}") = "SimpleNoteService", "SimpleNoteService", "{70F95D1D-5F1B-4A3B-B7E7-55325A9287E0}"
EndProject
Project("{FAE04EC0-301F-11D3-BF4B-00C04F79EFBC}") = "Database", "Modules\SimpleNoteService\Database\Database.csproj", "{E069CC85-62C3-429C-AC70-E10AF48CFE4F}"
EndProject
Project("{FAE04EC0-301F-11D3-BF4B-00C04F79EFBC}") = "Server", "Modules\SimpleNoteService\Server\Server.csproj", "{DE323E83-8BF6-43B9-9291-1F3DAF5DFEBA}"
EndProject
Project("{FAE04EC0-301F-11D3-BF4B-00C04F79EFBC}") = "RemoteHost", "Common\Clients\RemoteHost\RemoteHost.csproj", "{BE5E0B8B-7DBA-4E82-9634-1851B57FC1BE}"
EndProject
Project("{FAE04EC0-301F-11D3-BF4B-00C04F79EFBC}") = "Migrations", "Common\Migrations\Migrations.csproj", "{DC153761-4809-4E36-8AC7-8A5E1547311C}"
EndProject
Project("{2150E333-8FDC-42A3-9474-1A3956D46DE8}") = "Camunda", "Camunda", "{BDA58AE2-C8DF-4201-8822-E027B952EFE3}"
EndProject
Project("{FAE04EC0-301F-11D3-BF4B-00C04F79EFBC}") = "Workflows", "UnifiedPortal\Camunda\Workflows\Workflows.csproj", "{07E02922-EAE4-4B9C-9020-C74B5C6B16C6}"
EndProject
Project("{FAE04EC0-301F-11D3-BF4B-00C04F79EFBC}") = "Workers", "UnifiedPortal\Camunda\Workers\Workers.csproj", "{419BA1E3-AE13-4664-A687-62D0BA84A7CA}"
EndProject
Project("{2150E333-8FDC-42A3-9474-1A3956D46DE8}") = "Camunda", "Camunda", "{349097D9-8E11-44D6-829F-EF5CD941E066}"
EndProject
Project("{FAE04EC0-301F-11D3-BF4B-00C04F79EFBC}") = "Workers", "Modules\SimpleNoteService\Camunda\Workers\Workers.csproj", "{6C16258D-D5DA-4B67-A61F-723588E81609}"
EndProject
Project("{FAE04EC0-301F-11D3-BF4B-00C04F79EFBC}") = "Workflows", "Modules\SimpleNoteService\Camunda\Workflows\Workflows.csproj", "{B9FC4273-BD24-4164-9FC8-9B65D56AD6AC}"
EndProject
Global
	GlobalSection(SolutionConfigurationPlatforms) = preSolution
		Debug|Any CPU = Debug|Any CPU
		Release|Any CPU = Release|Any CPU
	EndGlobalSection
	GlobalSection(ProjectConfigurationPlatforms) = postSolution
		{943C13D0-2C16-4A55-BE1F-04370452885D}.Debug|Any CPU.ActiveCfg = Debug|Any CPU
		{943C13D0-2C16-4A55-BE1F-04370452885D}.Debug|Any CPU.Build.0 = Debug|Any CPU
		{943C13D0-2C16-4A55-BE1F-04370452885D}.Release|Any CPU.ActiveCfg = Release|Any CPU
		{943C13D0-2C16-4A55-BE1F-04370452885D}.Release|Any CPU.Build.0 = Release|Any CPU
		{6C98841A-41C8-49B5-95C0-0E1626EB7528}.Debug|Any CPU.ActiveCfg = Debug|Any CPU
		{6C98841A-41C8-49B5-95C0-0E1626EB7528}.Debug|Any CPU.Build.0 = Debug|Any CPU
		{6C98841A-41C8-49B5-95C0-0E1626EB7528}.Release|Any CPU.ActiveCfg = Release|Any CPU
		{6C98841A-41C8-49B5-95C0-0E1626EB7528}.Release|Any CPU.Build.0 = Release|Any CPU
		{4894EF11-C5C0-44D8-8FCF-F5E8E7E5DDB5}.Debug|Any CPU.ActiveCfg = Debug|Any CPU
		{4894EF11-C5C0-44D8-8FCF-F5E8E7E5DDB5}.Debug|Any CPU.Build.0 = Debug|Any CPU
		{4894EF11-C5C0-44D8-8FCF-F5E8E7E5DDB5}.Release|Any CPU.ActiveCfg = Release|Any CPU
		{4894EF11-C5C0-44D8-8FCF-F5E8E7E5DDB5}.Release|Any CPU.Build.0 = Release|Any CPU
		{66A3850F-1FD7-4143-B8CD-EB4DEF72E3F9}.Debug|Any CPU.ActiveCfg = Debug|Any CPU
		{66A3850F-1FD7-4143-B8CD-EB4DEF72E3F9}.Debug|Any CPU.Build.0 = Debug|Any CPU
		{66A3850F-1FD7-4143-B8CD-EB4DEF72E3F9}.Release|Any CPU.ActiveCfg = Release|Any CPU
		{66A3850F-1FD7-4143-B8CD-EB4DEF72E3F9}.Release|Any CPU.Build.0 = Release|Any CPU
		{19FCFE72-48EE-409D-8560-83B84698AF82}.Debug|Any CPU.ActiveCfg = Debug|Any CPU
		{19FCFE72-48EE-409D-8560-83B84698AF82}.Debug|Any CPU.Build.0 = Debug|Any CPU
		{19FCFE72-48EE-409D-8560-83B84698AF82}.Release|Any CPU.ActiveCfg = Release|Any CPU
		{19FCFE72-48EE-409D-8560-83B84698AF82}.Release|Any CPU.Build.0 = Release|Any CPU
		{95ED3D39-71D3-43A5-AE61-4B3A56DFFD5E}.Debug|Any CPU.ActiveCfg = Debug|Any CPU
		{95ED3D39-71D3-43A5-AE61-4B3A56DFFD5E}.Debug|Any CPU.Build.0 = Debug|Any CPU
		{95ED3D39-71D3-43A5-AE61-4B3A56DFFD5E}.Release|Any CPU.ActiveCfg = Release|Any CPU
		{95ED3D39-71D3-43A5-AE61-4B3A56DFFD5E}.Release|Any CPU.Build.0 = Release|Any CPU
		{469292BE-E711-4ECC-AB90-78F57A864B61}.Debug|Any CPU.ActiveCfg = Debug|Any CPU
		{469292BE-E711-4ECC-AB90-78F57A864B61}.Debug|Any CPU.Build.0 = Debug|Any CPU
		{469292BE-E711-4ECC-AB90-78F57A864B61}.Release|Any CPU.ActiveCfg = Release|Any CPU
		{469292BE-E711-4ECC-AB90-78F57A864B61}.Release|Any CPU.Build.0 = Release|Any CPU
		{A1A42FC0-EEA8-41E4-BC6B-FD48957BB256}.Debug|Any CPU.ActiveCfg = Debug|Any CPU
		{A1A42FC0-EEA8-41E4-BC6B-FD48957BB256}.Debug|Any CPU.Build.0 = Debug|Any CPU
		{A1A42FC0-EEA8-41E4-BC6B-FD48957BB256}.Release|Any CPU.ActiveCfg = Release|Any CPU
		{A1A42FC0-EEA8-41E4-BC6B-FD48957BB256}.Release|Any CPU.Build.0 = Release|Any CPU
		{B0795A7C-2462-4DEF-AC9B-BE30D297B286}.Debug|Any CPU.ActiveCfg = Debug|Any CPU
		{B0795A7C-2462-4DEF-AC9B-BE30D297B286}.Debug|Any CPU.Build.0 = Debug|Any CPU
		{B0795A7C-2462-4DEF-AC9B-BE30D297B286}.Release|Any CPU.ActiveCfg = Release|Any CPU
		{B0795A7C-2462-4DEF-AC9B-BE30D297B286}.Release|Any CPU.Build.0 = Release|Any CPU
		{EAEA34F1-A98C-4174-8406-986D056F5B43}.Debug|Any CPU.ActiveCfg = Debug|Any CPU
		{EAEA34F1-A98C-4174-8406-986D056F5B43}.Debug|Any CPU.Build.0 = Debug|Any CPU
		{EAEA34F1-A98C-4174-8406-986D056F5B43}.Release|Any CPU.ActiveCfg = Release|Any CPU
		{EAEA34F1-A98C-4174-8406-986D056F5B43}.Release|Any CPU.Build.0 = Release|Any CPU
		{C7519A2A-0534-47F9-9A3B-32ADFEC243DD}.Debug|Any CPU.ActiveCfg = Debug|Any CPU
		{C7519A2A-0534-47F9-9A3B-32ADFEC243DD}.Debug|Any CPU.Build.0 = Debug|Any CPU
		{C7519A2A-0534-47F9-9A3B-32ADFEC243DD}.Release|Any CPU.ActiveCfg = Release|Any CPU
		{C7519A2A-0534-47F9-9A3B-32ADFEC243DD}.Release|Any CPU.Build.0 = Release|Any CPU
		{A767B6BC-F4B4-49B3-B001-9C0443CE0C1F}.Debug|Any CPU.ActiveCfg = Debug|Any CPU
		{A767B6BC-F4B4-49B3-B001-9C0443CE0C1F}.Debug|Any CPU.Build.0 = Debug|Any CPU
		{A767B6BC-F4B4-49B3-B001-9C0443CE0C1F}.Release|Any CPU.ActiveCfg = Release|Any CPU
		{A767B6BC-F4B4-49B3-B001-9C0443CE0C1F}.Release|Any CPU.Build.0 = Release|Any CPU
		{E069CC85-62C3-429C-AC70-E10AF48CFE4F}.Debug|Any CPU.ActiveCfg = Debug|Any CPU
		{E069CC85-62C3-429C-AC70-E10AF48CFE4F}.Debug|Any CPU.Build.0 = Debug|Any CPU
		{E069CC85-62C3-429C-AC70-E10AF48CFE4F}.Release|Any CPU.ActiveCfg = Release|Any CPU
		{E069CC85-62C3-429C-AC70-E10AF48CFE4F}.Release|Any CPU.Build.0 = Release|Any CPU
		{DE323E83-8BF6-43B9-9291-1F3DAF5DFEBA}.Debug|Any CPU.ActiveCfg = Debug|Any CPU
		{DE323E83-8BF6-43B9-9291-1F3DAF5DFEBA}.Debug|Any CPU.Build.0 = Debug|Any CPU
		{DE323E83-8BF6-43B9-9291-1F3DAF5DFEBA}.Release|Any CPU.ActiveCfg = Release|Any CPU
		{DE323E83-8BF6-43B9-9291-1F3DAF5DFEBA}.Release|Any CPU.Build.0 = Release|Any CPU
		{BE5E0B8B-7DBA-4E82-9634-1851B57FC1BE}.Debug|Any CPU.ActiveCfg = Debug|Any CPU
		{BE5E0B8B-7DBA-4E82-9634-1851B57FC1BE}.Debug|Any CPU.Build.0 = Debug|Any CPU
		{BE5E0B8B-7DBA-4E82-9634-1851B57FC1BE}.Release|Any CPU.ActiveCfg = Release|Any CPU
		{BE5E0B8B-7DBA-4E82-9634-1851B57FC1BE}.Release|Any CPU.Build.0 = Release|Any CPU
		{DC153761-4809-4E36-8AC7-8A5E1547311C}.Debug|Any CPU.ActiveCfg = Debug|Any CPU
		{DC153761-4809-4E36-8AC7-8A5E1547311C}.Debug|Any CPU.Build.0 = Debug|Any CPU
		{DC153761-4809-4E36-8AC7-8A5E1547311C}.Release|Any CPU.ActiveCfg = Release|Any CPU
		{DC153761-4809-4E36-8AC7-8A5E1547311C}.Release|Any CPU.Build.0 = Release|Any CPU
		{07E02922-EAE4-4B9C-9020-C74B5C6B16C6}.Debug|Any CPU.ActiveCfg = Debug|Any CPU
		{07E02922-EAE4-4B9C-9020-C74B5C6B16C6}.Debug|Any CPU.Build.0 = Debug|Any CPU
		{07E02922-EAE4-4B9C-9020-C74B5C6B16C6}.Release|Any CPU.ActiveCfg = Release|Any CPU
		{07E02922-EAE4-4B9C-9020-C74B5C6B16C6}.Release|Any CPU.Build.0 = Release|Any CPU
		{419BA1E3-AE13-4664-A687-62D0BA84A7CA}.Debug|Any CPU.ActiveCfg = Debug|Any CPU
		{419BA1E3-AE13-4664-A687-62D0BA84A7CA}.Debug|Any CPU.Build.0 = Debug|Any CPU
		{419BA1E3-AE13-4664-A687-62D0BA84A7CA}.Release|Any CPU.ActiveCfg = Release|Any CPU
		{419BA1E3-AE13-4664-A687-62D0BA84A7CA}.Release|Any CPU.Build.0 = Release|Any CPU
		{6C16258D-D5DA-4B67-A61F-723588E81609}.Debug|Any CPU.ActiveCfg = Debug|Any CPU
		{6C16258D-D5DA-4B67-A61F-723588E81609}.Debug|Any CPU.Build.0 = Debug|Any CPU
		{6C16258D-D5DA-4B67-A61F-723588E81609}.Release|Any CPU.ActiveCfg = Release|Any CPU
		{6C16258D-D5DA-4B67-A61F-723588E81609}.Release|Any CPU.Build.0 = Release|Any CPU
		{B9FC4273-BD24-4164-9FC8-9B65D56AD6AC}.Debug|Any CPU.ActiveCfg = Debug|Any CPU
		{B9FC4273-BD24-4164-9FC8-9B65D56AD6AC}.Debug|Any CPU.Build.0 = Debug|Any CPU
		{B9FC4273-BD24-4164-9FC8-9B65D56AD6AC}.Release|Any CPU.ActiveCfg = Release|Any CPU
		{B9FC4273-BD24-4164-9FC8-9B65D56AD6AC}.Release|Any CPU.Build.0 = Release|Any CPU
	EndGlobalSection
	GlobalSection(NestedProjects) = preSolution
		{6C98841A-41C8-49B5-95C0-0E1626EB7528} = {00469BAE-AAE8-42F2-86A8-B6FDC6FA6A2C}
		{943C13D0-2C16-4A55-BE1F-04370452885D} = {00469BAE-AAE8-42F2-86A8-B6FDC6FA6A2C}
		{4894EF11-C5C0-44D8-8FCF-F5E8E7E5DDB5} = {1C83008B-08D9-4EE2-942C-AE6242C40195}
		{66A3850F-1FD7-4143-B8CD-EB4DEF72E3F9} = {1C83008B-08D9-4EE2-942C-AE6242C40195}
		{19FCFE72-48EE-409D-8560-83B84698AF82} = {1C83008B-08D9-4EE2-942C-AE6242C40195}
		{95ED3D39-71D3-43A5-AE61-4B3A56DFFD5E} = {D28913B3-FD22-4508-8102-C117D987B1D7}
		{469292BE-E711-4ECC-AB90-78F57A864B61} = {86377175-FA5F-438B-96C6-2B31F832B795}
		{A1A42FC0-EEA8-41E4-BC6B-FD48957BB256} = {86377175-FA5F-438B-96C6-2B31F832B795}
		{B0795A7C-2462-4DEF-AC9B-BE30D297B286} = {86377175-FA5F-438B-96C6-2B31F832B795}
		{EAEA34F1-A98C-4174-8406-986D056F5B43} = {D28913B3-FD22-4508-8102-C117D987B1D7}
		{F8347E0E-1BE6-4809-B7CC-183ECB259D03} = {D28913B3-FD22-4508-8102-C117D987B1D7}
		{A767B6BC-F4B4-49B3-B001-9C0443CE0C1F} = {F8347E0E-1BE6-4809-B7CC-183ECB259D03}
		{C7519A2A-0534-47F9-9A3B-32ADFEC243DD} = {F8347E0E-1BE6-4809-B7CC-183ECB259D03}
		{86377175-FA5F-438B-96C6-2B31F832B795} = {D28913B3-FD22-4508-8102-C117D987B1D7}
		{70F95D1D-5F1B-4A3B-B7E7-55325A9287E0} = {8E5FBEB3-1526-45A6-80FC-BF129A4328F1}
		{E069CC85-62C3-429C-AC70-E10AF48CFE4F} = {70F95D1D-5F1B-4A3B-B7E7-55325A9287E0}
		{DE323E83-8BF6-43B9-9291-1F3DAF5DFEBA} = {70F95D1D-5F1B-4A3B-B7E7-55325A9287E0}
		{BE5E0B8B-7DBA-4E82-9634-1851B57FC1BE} = {86377175-FA5F-438B-96C6-2B31F832B795}
		{DC153761-4809-4E36-8AC7-8A5E1547311C} = {D28913B3-FD22-4508-8102-C117D987B1D7}
		{BDA58AE2-C8DF-4201-8822-E027B952EFE3} = {00469BAE-AAE8-42F2-86A8-B6FDC6FA6A2C}
		{419BA1E3-AE13-4664-A687-62D0BA84A7CA} = {BDA58AE2-C8DF-4201-8822-E027B952EFE3}
		{07E02922-EAE4-4B9C-9020-C74B5C6B16C6} = {BDA58AE2-C8DF-4201-8822-E027B952EFE3}
		{349097D9-8E11-44D6-829F-EF5CD941E066} = {70F95D1D-5F1B-4A3B-B7E7-55325A9287E0}
		{6C16258D-D5DA-4B67-A61F-723588E81609} = {349097D9-8E11-44D6-829F-EF5CD941E066}
		{B9FC4273-BD24-4164-9FC8-9B65D56AD6AC} = {349097D9-8E11-44D6-829F-EF5CD941E066}
	EndGlobalSection
EndGlobal
